
Microsoft Visual Studio Solution File, Format Version 12.00
# Visual Studio Version 17
VisualStudioVersion = 17.4.33110.190
MinimumVisualStudioVersion = 10.0.40219.1
Project("{FAE04EC0-301F-11D3-BF4B-00C04F79EFBC}") = "Prema.PriceHarborScraper", "Prema.PriceHarborScraper.csproj", "{30090346-E3BA-4A6A-A6C0-87CE36C6523C}"
EndProject
Global
	GlobalSection(SolutionConfigurationPlatforms) = preSolution
		Debug|Any CPU = Debug|Any CPU
		Release|Any CPU = Release|Any CPU
	EndGlobalSection
	GlobalSection(ProjectConfigurationPlatforms) = postSolution
		{30090346-E3BA-4A6A-A6C0-87CE36C6523C}.Debug|Any CPU.ActiveCfg = Debug|Any CPU
		{30090346-E3BA-4A6A-A6C0-87CE36C6523C}.Debug|Any CPU.Build.0 = Debug|Any CPU
		{30090346-E3BA-4A6A-A6C0-87CE36C6523C}.Release|Any CPU.ActiveCfg = Release|Any CPU
		{30090346-E3BA-4A6A-A6C0-87CE36C6523C}.Release|Any CPU.Build.0 = Release|Any CPU
	EndGlobalSection
	GlobalSection(SolutionProperties) = preSolution
		HideSolutionNode = FALSE
	EndGlobalSection
	GlobalSection(ExtensibilityGlobals) = postSolution
		SolutionGuid = {7032CD5C-88AB-48B8-B1FD-D3967B9B9B25}
	EndGlobalSection
EndGlobal
